
Microsoft Visual Studio Solution File, Format Version 12.00
# Visual Studio Version 17
VisualStudioVersion = 17.10.35027.167
MinimumVisualStudioVersion = 10.0.40219.1
Project("{9A19103F-16F7-4668-BE54-9A1E7A4F7556}") = "M1MartAPI", "M1MartAPI\M1MartAPI.csproj", "{18841700-1CAB-418D-9446-057980403C9E}"
EndProject
Project("{FAE04EC0-301F-11D3-BF4B-00C04F79EFBC}") = "M1MartDataAccess", "M1MartDataAccess\M1MartDataAccess.csproj", "{8EDD9868-AA37-4B7D-A723-4A15DBF664B7}"
EndProject
Project("{FAE04EC0-301F-11D3-BF4B-00C04F79EFBC}") = "M1MartBusiness", "M1MartBusiness\M1MartBusiness.csproj", "{DDC070BC-C53B-4808-A7A1-DBF4B68ACD4E}"
EndProject
Global
	GlobalSection(SolutionConfigurationPlatforms) = preSolution
		Debug|Any CPU = Debug|Any CPU
		Release|Any CPU = Release|Any CPU
	EndGlobalSection
	GlobalSection(ProjectConfigurationPlatforms) = postSolution
		{18841700-1CAB-418D-9446-057980403C9E}.Debug|Any CPU.ActiveCfg = Debug|Any CPU
		{18841700-1CAB-418D-9446-057980403C9E}.Debug|Any CPU.Build.0 = Debug|Any CPU
		{18841700-1CAB-418D-9446-057980403C9E}.Release|Any CPU.ActiveCfg = Release|Any CPU
		{18841700-1CAB-418D-9446-057980403C9E}.Release|Any CPU.Build.0 = Release|Any CPU
		{8EDD9868-AA37-4B7D-A723-4A15DBF664B7}.Debug|Any CPU.ActiveCfg = Debug|Any CPU
		{8EDD9868-AA37-4B7D-A723-4A15DBF664B7}.Debug|Any CPU.Build.0 = Debug|Any CPU
		{8EDD9868-AA37-4B7D-A723-4A15DBF664B7}.Release|Any CPU.ActiveCfg = Release|Any CPU
		{8EDD9868-AA37-4B7D-A723-4A15DBF664B7}.Release|Any CPU.Build.0 = Release|Any CPU
		{DDC070BC-C53B-4808-A7A1-DBF4B68ACD4E}.Debug|Any CPU.ActiveCfg = Debug|Any CPU
		{DDC070BC-C53B-4808-A7A1-DBF4B68ACD4E}.Debug|Any CPU.Build.0 = Debug|Any CPU
		{DDC070BC-C53B-4808-A7A1-DBF4B68ACD4E}.Release|Any CPU.ActiveCfg = Release|Any CPU
		{DDC070BC-C53B-4808-A7A1-DBF4B68ACD4E}.Release|Any CPU.Build.0 = Release|Any CPU
	EndGlobalSection
	GlobalSection(SolutionProperties) = preSolution
		HideSolutionNode = FALSE
	EndGlobalSection
	GlobalSection(ExtensibilityGlobals) = postSolution
		SolutionGuid = {A7C41748-128F-4E96-8085-76D7AC260E74}
	EndGlobalSection
EndGlobal
